
Microsoft Visual Studio Solution File, Format Version 12.00
# Visual Studio 2013
VisualStudioVersion = 12.0.31101.0
MinimumVisualStudioVersion = 10.0.40219.1
Project("{FAE04EC0-301F-11D3-BF4B-00C04F79EFBC}") = "Automao.Data", "Automao.Data.csproj", "{E71CF708-4648-49A4-BE79-2EA567D31F39}"
EndProject
Project("{FAE04EC0-301F-11D3-BF4B-00C04F79EFBC}") = "Automao.Data.Tests", "..\tests\Automao.Data.Tests.csproj", "{F11F3BB3-7E36-4462-B5C2-7BB74993F4C0}"
EndProject
Global
	GlobalSection(SolutionConfigurationPlatforms) = preSolution
		Debug|Any CPU = Debug|Any CPU
		Release|Any CPU = Release|Any CPU
	EndGlobalSection
	GlobalSection(ProjectConfigurationPlatforms) = postSolution
		{E71CF708-4648-49A4-BE79-2EA567D31F39}.Debug|Any CPU.ActiveCfg = Debug|Any CPU
		{E71CF708-4648-49A4-BE79-2EA567D31F39}.Debug|Any CPU.Build.0 = Debug|Any CPU
		{E71CF708-4648-49A4-BE79-2EA567D31F39}.Release|Any CPU.ActiveCfg = Release|Any CPU
		{E71CF708-4648-49A4-BE79-2EA567D31F39}.Release|Any CPU.Build.0 = Release|Any CPU
		{F11F3BB3-7E36-4462-B5C2-7BB74993F4C0}.Debug|Any CPU.ActiveCfg = Debug|Any CPU
		{F11F3BB3-7E36-4462-B5C2-7BB74993F4C0}.Debug|Any CPU.Build.0 = Debug|Any CPU
		{F11F3BB3-7E36-4462-B5C2-7BB74993F4C0}.Release|Any CPU.ActiveCfg = Release|Any CPU
		{F11F3BB3-7E36-4462-B5C2-7BB74993F4C0}.Release|Any CPU.Build.0 = Release|Any CPU
	EndGlobalSection
	GlobalSection(SolutionProperties) = preSolution
		HideSolutionNode = FALSE
	EndGlobalSection
EndGlobal
